
Microsoft Visual Studio Solution File, Format Version 12.00
# Visual Studio Version 17
VisualStudioVersion = 17.9.34728.123
MinimumVisualStudioVersion = 10.0.40219.1
Project("{FAE04EC0-301F-11D3-BF4B-00C04F79EFBC}") = "FourAirLine", "FourAirLine.csproj", "{9827FDD4-F60A-4F1E-B174-045318AB42AF}"
EndProject
Global
	GlobalSection(SolutionConfigurationPlatforms) = preSolution
		Debug|Any CPU = Debug|Any CPU
		Release|Any CPU = Release|Any CPU
	EndGlobalSection
	GlobalSection(ProjectConfigurationPlatforms) = postSolution
		{9827FDD4-F60A-4F1E-B174-045318AB42AF}.Debug|Any CPU.ActiveCfg = Debug|Any CPU
		{9827FDD4-F60A-4F1E-B174-045318AB42AF}.Debug|Any CPU.Build.0 = Debug|Any CPU
		{9827FDD4-F60A-4F1E-B174-045318AB42AF}.Release|Any CPU.ActiveCfg = Release|Any CPU
		{9827FDD4-F60A-4F1E-B174-045318AB42AF}.Release|Any CPU.Build.0 = Release|Any CPU
	EndGlobalSection
	GlobalSection(SolutionProperties) = preSolution
		HideSolutionNode = FALSE
	EndGlobalSection
	GlobalSection(ExtensibilityGlobals) = postSolution
		SolutionGuid = {6B85D7E9-88D0-46B7-9409-EBE7FF491A04}
	EndGlobalSection
EndGlobal
